{
  "name": "dlt",
  "version": "1.0.0",
  "lockfileVersion": 1,
  "requires": true,
  "dependencies": {
    "js-prototype-lib": {
      "version": "1.29.3",
      "resolved": "https://registry.npmjs.org/js-prototype-lib/-/js-prototype-lib-1.29.3.tgz",
      "integrity": "sha512-zoNn/7DRJxEh+qVWI2tAXYRY95+C+k+iJjhL+TCTdNFQCxEllf9Mf7c0LrUQfavDOD2ZoSgnNYr/DbyeOxhCPA=="
    }
  }
}
